// !$*UTF8*$!
{
	archiveVersion = 1;
	classes = {
	};
	objectVersion = 55;
	objects = {

/* Begin PBXBuildFile section */
		2A3F528728D3D51000CAEF30 /* MapStudy.swift in Sources */ = {isa = PBXBuildFile; fileRef = 2A3F528628D3D51000CAEF30 /* MapStudy.swift */; };
		2A3F528928D4A3D500CAEF30 /* IconButton.swift in Sources */ = {isa = PBXBuildFile; fileRef = 2A3F528828D4A3D500CAEF30 /* IconButton.swift */; };
		2A3F528C28D4A67A00CAEF30 /* TabSegmentTOC.swift in Sources */ = {isa = PBXBuildFile; fileRef = 2A3F528B28D4A67A00CAEF30 /* TabSegmentTOC.swift */; };
		2A93D60428D2D09F00D5C085 /* LaunchScreen.storyboard in Resources */ = {isa = PBXBuildFile; fileRef = 2A93D60328D2D09F00D5C085 /* LaunchScreen.storyboard */; };
		2AC119C828CEF6D100DDE7AC /* LearningSwiftApp.swift in Sources */ = {isa = PBXBuildFile; fileRef = 2AC119C728CEF6D100DDE7AC /* LearningSwiftApp.swift */; };
		2AC119CA28CEF6D100DDE7AC /* HomeView.swift in Sources */ = {isa = PBXBuildFile; fileRef = 2AC119C928CEF6D100DDE7AC /* HomeView.swift */; };
		2AC119CC28CEF6D200DDE7AC /* Assets.xcassets in Resources */ = {isa = PBXBuildFile; fileRef = 2AC119CB28CEF6D200DDE7AC /* Assets.xcassets */; };
		2AC119CF28CEF6D200DDE7AC /* Preview Assets.xcassets in Resources */ = {isa = PBXBuildFile; fileRef = 2AC119CE28CEF6D200DDE7AC /* Preview Assets.xcassets */; };
		2AD5915828D0CC4C00586972 /* FontExamples.swift in Sources */ = {isa = PBXBuildFile; fileRef = 2AD5915728D0CC4C00586972 /* FontExamples.swift */; };
		2AD5915A28D0CD4100586972 /* FontWeightExample.swift in Sources */ = {isa = PBXBuildFile; fileRef = 2AD5915928D0CD4100586972 /* FontWeightExample.swift */; };
		2AEF91BE28D3860100CF8ABA /* TOC.swift in Sources */ = {isa = PBXBuildFile; fileRef = 2AEF91BD28D3860100CF8ABA /* TOC.swift */; };
		2AEF91C028D3AC8700CF8ABA /* View+Extensions.swift in Sources */ = {isa = PBXBuildFile; fileRef = 2AEF91BF28D3AC8700CF8ABA /* View+Extensions.swift */; };
		2AF192B628CF050A007E3939 /* TextStyles.swift in Sources */ = {isa = PBXBuildFile; fileRef = 2AF192B528CF050A007E3939 /* TextStyles.swift */; };
		2AF192B928CF0CA1007E3939 /* Color+Extensions.swift in Sources */ = {isa = PBXBuildFile; fileRef = 2AF192B828CF0CA1007E3939 /* Color+Extensions.swift */; };
/* End PBXBuildFile section */

/* Begin PBXFileReference section */
		2A3F528628D3D51000CAEF30 /* MapStudy.swift */ = {isa = PBXFileReference; lastKnownFileType = sourcecode.swift; path = MapStudy.swift; sourceTree = "<group>"; };
		2A3F528828D4A3D500CAEF30 /* IconButton.swift */ = {isa = PBXFileReference; lastKnownFileType = sourcecode.swift; path = IconButton.swift; sourceTree = "<group>"; };
		2A3F528B28D4A67A00CAEF30 /* TabSegmentTOC.swift */ = {isa = PBXFileReference; lastKnownFileType = sourcecode.swift; path = TabSegmentTOC.swift; sourceTree = "<group>"; };
		2A93D60328D2D09F00D5C085 /* LaunchScreen.storyboard */ = {isa = PBXFileReference; lastKnownFileType = file.storyboard; path = LaunchScreen.storyboard; sourceTree = "<group>"; };
		2AC119C428CEF6D100DDE7AC /* LearningSwift.app */ = {isa = PBXFileReference; explicitFileType = wrapper.application; includeInIndex = 0; path = LearningSwift.app; sourceTree = BUILT_PRODUCTS_DIR; };
		2AC119C728CEF6D100DDE7AC /* LearningSwiftApp.swift */ = {isa = PBXFileReference; lastKnownFileType = sourcecode.swift; path = LearningSwiftApp.swift; sourceTree = "<group>"; };
		2AC119C928CEF6D100DDE7AC /* HomeView.swift */ = {isa = PBXFileReference; lastKnownFileType = sourcecode.swift; path = HomeView.swift; sourceTree = "<group>"; };
		2AC119CB28CEF6D200DDE7AC /* Assets.xcassets */ = {isa = PBXFileReference; lastKnownFileType = folder.assetcatalog; path = Assets.xcassets; sourceTree = "<group>"; };
		2AC119CE28CEF6D200DDE7AC /* Preview Assets.xcassets */ = {isa = PBXFileReference; lastKnownFileType = folder.assetcatalog; path = "Preview Assets.xcassets"; sourceTree = "<group>"; };
		2AD5915728D0CC4C00586972 /* FontExamples.swift */ = {isa = PBXFileReference; lastKnownFileType = sourcecode.swift; path = FontExamples.swift; sourceTree = "<group>"; };
		2AD5915928D0CD4100586972 /* FontWeightExample.swift */ = {isa = PBXFileReference; lastKnownFileType = sourcecode.swift; path = FontWeightExample.swift; sourceTree = "<group>"; };
		2AEF91BD28D3860100CF8ABA /* TOC.swift */ = {isa = PBXFileReference; lastKnownFileType = sourcecode.swift; path = TOC.swift; sourceTree = "<group>"; };
		2AEF91BF28D3AC8700CF8ABA /* View+Extensions.swift */ = {isa = PBXFileReference; lastKnownFileType = sourcecode.swift; path = "View+Extensions.swift"; sourceTree = "<group>"; };
		2AF192B528CF050A007E3939 /* TextStyles.swift */ = {isa = PBXFileReference; lastKnownFileType = sourcecode.swift; path = TextStyles.swift; sourceTree = "<group>"; };
		2AF192B828CF0CA1007E3939 /* Color+Extensions.swift */ = {isa = PBXFileReference; lastKnownFileType = sourcecode.swift; path = "Color+Extensions.swift"; sourceTree = "<group>"; };
/* End PBXFileReference section */

/* Begin PBXFrameworksBuildPhase section */
		2AC119C128CEF6D100DDE7AC /* Frameworks */ = {
			isa = PBXFrameworksBuildPhase;
			buildActionMask = 2147483647;
			files = (
			);
			runOnlyForDeploymentPostprocessing = 0;
		};
/* End PBXFrameworksBuildPhase section */

/* Begin PBXGroup section */
		2A3F528528D3D4EF00CAEF30 /* Maps */ = {
			isa = PBXGroup;
			children = (
				2A3F528628D3D51000CAEF30 /* MapStudy.swift */,
			);
			path = Maps;
			sourceTree = "<group>";
		};
		2A3F528A28D4A64B00CAEF30 /* TabsAndSegments */ = {
			isa = PBXGroup;
			children = (
				2A3F528B28D4A67A00CAEF30 /* TabSegmentTOC.swift */,
			);
			path = TabsAndSegments;
			sourceTree = "<group>";
		};
		2AC119BB28CEF6D100DDE7AC = {
			isa = PBXGroup;
			children = (
				2AC119C628CEF6D100DDE7AC /* LearningSwift */,
				2AC119C528CEF6D100DDE7AC /* Products */,
			);
			sourceTree = "<group>";
		};
		2AC119C528CEF6D100DDE7AC /* Products */ = {
			isa = PBXGroup;
			children = (
				2AC119C428CEF6D100DDE7AC /* LearningSwift.app */,
			);
			name = Products;
			sourceTree = "<group>";
		};
		2AC119C628CEF6D100DDE7AC /* LearningSwift */ = {
			isa = PBXGroup;
			children = (
				2A3F528A28D4A64B00CAEF30 /* TabsAndSegments */,
				2A3F528528D3D4EF00CAEF30 /* Maps */,
				2AEF91BC28D385D600CF8ABA /* Shared */,
				2AC119C728CEF6D100DDE7AC /* LearningSwiftApp.swift */,
				2AC119C928CEF6D100DDE7AC /* HomeView.swift */,
				2AF192B728CF0C89007E3939 /* Extensions */,
				2AF192B428CF04DD007E3939 /* Text */,
				2AC119CB28CEF6D200DDE7AC /* Assets.xcassets */,
				2AC119CD28CEF6D200DDE7AC /* Preview Content */,
				2A93D60328D2D09F00D5C085 /* LaunchScreen.storyboard */,
			);
			path = LearningSwift;
			sourceTree = "<group>";
		};
		2AC119CD28CEF6D200DDE7AC /* Preview Content */ = {
			isa = PBXGroup;
			children = (
				2AC119CE28CEF6D200DDE7AC /* Preview Assets.xcassets */,
			);
			path = "Preview Content";
			sourceTree = "<group>";
		};
		2AEF91BC28D385D600CF8ABA /* Shared */ = {
			isa = PBXGroup;
			children = (
				2AEF91BD28D3860100CF8ABA /* TOC.swift */,
				2A3F528828D4A3D500CAEF30 /* IconButton.swift */,
			);
			path = Shared;
			sourceTree = "<group>";
		};
		2AF192B428CF04DD007E3939 /* Text */ = {
			isa = PBXGroup;
			children = (
				2AF192B528CF050A007E3939 /* TextStyles.swift */,
				2AD5915728D0CC4C00586972 /* FontExamples.swift */,
				2AD5915928D0CD4100586972 /* FontWeightExample.swift */,
			);
			path = Text;
			sourceTree = "<group>";
		};
		2AF192B728CF0C89007E3939 /* Extensions */ = {
			isa = PBXGroup;
			children = (
				2AF192B828CF0CA1007E3939 /* Color+Extensions.swift */,
				2AEF91BF28D3AC8700CF8ABA /* View+Extensions.swift */,
			);
			path = Extensions;
			sourceTree = "<group>";
		};
/* End PBXGroup section */

/* Begin PBXNativeTarget section */
		2AC119C328CEF6D100DDE7AC /* LearningSwift */ = {
			isa = PBXNativeTarget;
			buildConfigurationList = 2AC119D228CEF6D200DDE7AC /* Build configuration list for PBXNativeTarget "LearningSwift" */;
			buildPhases = (
				2AC119C028CEF6D100DDE7AC /* Sources */,
				2AC119C128CEF6D100DDE7AC /* Frameworks */,
				2AC119C228CEF6D100DDE7AC /* Resources */,
			);
			buildRules = (
			);
			dependencies = (
			);
			name = LearningSwift;
			productName = LearningSwift;
			productReference = 2AC119C428CEF6D100DDE7AC /* LearningSwift.app */;
			productType = "com.apple.product-type.application";
		};
/* End PBXNativeTarget section */

/* Begin PBXProject section */
		2AC119BC28CEF6D100DDE7AC /* Project object */ = {
			isa = PBXProject;
			attributes = {
				BuildIndependentTargetsInParallel = 1;
				LastSwiftUpdateCheck = 1340;
				LastUpgradeCheck = 1340;
				TargetAttributes = {
					2AC119C328CEF6D100DDE7AC = {
						CreatedOnToolsVersion = 13.4.1;
					};
				};
			};
			buildConfigurationList = 2AC119BF28CEF6D100DDE7AC /* Build configuration list for PBXProject "LearningSwift" */;
			compatibilityVersion = "Xcode 13.0";
			developmentRegion = en;
			hasScannedForEncodings = 0;
			knownRegions = (
				en,
				Base,
			);
			mainGroup = 2AC119BB28CEF6D100DDE7AC;
			productRefGroup = 2AC119C528CEF6D100DDE7AC /* Products */;
			projectDirPath = "";
			projectRoot = "";
			targets = (
				2AC119C328CEF6D100DDE7AC /* LearningSwift */,
			);
		};
/* End PBXProject section */

/* Begin PBXResourcesBuildPhase section */
		2AC119C228CEF6D100DDE7AC /* Resources */ = {
			isa = PBXResourcesBuildPhase;
			buildActionMask = 2147483647;
			files = (
				2A93D60428D2D09F00D5C085 /* LaunchScreen.storyboard in Resources */,
				2AC119CF28CEF6D200DDE7AC /* Preview Assets.xcassets in Resources */,
				2AC119CC28CEF6D200DDE7AC /* Assets.xcassets in Resources */,
			);
			runOnlyForDeploymentPostprocessing = 0;
		};
/* End PBXResourcesBuildPhase section */

/* Begin PBXSourcesBuildPhase section */
		2AC119C028CEF6D100DDE7AC /* Sources */ = {
			isa = PBXSourcesBuildPhase;
			buildActionMask = 2147483647;
			files = (
				2AD5915828D0CC4C00586972 /* FontExamples.swift in Sources */,
				2A3F528728D3D51000CAEF30 /* MapStudy.swift in Sources */,
				2AD5915A28D0CD4100586972 /* FontWeightExample.swift in Sources */,
				2AC119CA28CEF6D100DDE7AC /* HomeView.swift in Sources */,
				2AEF91BE28D3860100CF8ABA /* TOC.swift in Sources */,
				2AC119C828CEF6D100DDE7AC /* LearningSwiftApp.swift in Sources */,
				2AF192B628CF050A007E3939 /* TextStyles.swift in Sources */,
				2AEF91C028D3AC8700CF8ABA /* View+Extensions.swift in Sources */,
				2A3F528C28D4A67A00CAEF30 /* TabSegmentTOC.swift in Sources */,
				2A3F528928D4A3D500CAEF30 /* IconButton.swift in Sources */,
				2AF192B928CF0CA1007E3939 /* Color+Extensions.swift in Sources */,
			);
			runOnlyForDeploymentPostprocessing = 0;
		};
/* End PBXSourcesBuildPhase section */

/* Begin XCBuildConfiguration section */
		2AC119D028CEF6D200DDE7AC /* Debug */ = {
			isa = XCBuildConfiguration;
			buildSettings = {
				ALWAYS_SEARCH_USER_PATHS = NO;
				CLANG_ANALYZER_NONNULL = YES;
				CLANG_ANALYZER_NUMBER_OBJECT_CONVERSION = YES_AGGRESSIVE;
				CLANG_CXX_LANGUAGE_STANDARD = "gnu++17";
				CLANG_ENABLE_MODULES = YES;
				CLANG_ENABLE_OBJC_ARC = YES;
				CLANG_ENABLE_OBJC_WEAK = YES;
				CLANG_WARN_BLOCK_CAPTURE_AUTORELEASING = YES;
				CLANG_WARN_BOOL_CONVERSION = YES;
				CLANG_WARN_COMMA = YES;
				CLANG_WARN_CONSTANT_CONVERSION = YES;
				CLANG_WARN_DEPRECATED_OBJC_IMPLEMENTATIONS = YES;
				CLANG_WARN_DIRECT_OBJC_ISA_USAGE = YES_ERROR;
				CLANG_WARN_DOCUMENTATION_COMMENTS = YES;
				CLANG_WARN_EMPTY_BODY = YES;
				CLANG_WARN_ENUM_CONVERSION = YES;
				CLANG_WARN_INFINITE_RECURSION = YES;
				CLANG_WARN_INT_CONVERSION = YES;
				CLANG_WARN_NON_LITERAL_NULL_CONVERSION = YES;
				CLANG_WARN_OBJC_IMPLICIT_RETAIN_SELF = YES;
				CLANG_WARN_OBJC_LITERAL_CONVERSION = YES;
				CLANG_WARN_OBJC_ROOT_CLASS = YES_ERROR;
				CLANG_WARN_QUOTED_INCLUDE_IN_FRAMEWORK_HEADER = YES;
				CLANG_WARN_RANGE_LOOP_ANALYSIS = YES;
				CLANG_WARN_STRICT_PROTOTYPES = YES;
				CLANG_WARN_SUSPICIOUS_MOVE = YES;
				CLANG_WARN_UNGUARDED_AVAILABILITY = YES_AGGRESSIVE;
				CLANG_WARN_UNREACHABLE_CODE = YES;
				CLANG_WARN__DUPLICATE_METHOD_MATCH = YES;
				COPY_PHASE_STRIP = NO;
				DEBUG_INFORMATION_FORMAT = dwarf;
				ENABLE_STRICT_OBJC_MSGSEND = YES;
				ENABLE_TESTABILITY = YES;
				GCC_C_LANGUAGE_STANDARD = gnu11;
				GCC_DYNAMIC_NO_PIC = NO;
				GCC_NO_COMMON_BLOCKS = YES;
				GCC_OPTIMIZATION_LEVEL = 0;
				GCC_PREPROCESSOR_DEFINITIONS = (
					"DEBUG=1",
					"$(inherited)",
				);
				GCC_WARN_64_TO_32_BIT_CONVERSION = YES;
				GCC_WARN_ABOUT_RETURN_TYPE = YES_ERROR;
				GCC_WARN_UNDECLARED_SELECTOR = YES;
				GCC_WARN_UNINITIALIZED_AUTOS = YES_AGGRESSIVE;
				GCC_WARN_UNUSED_FUNCTION = YES;
				GCC_WARN_UNUSED_VARIABLE = YES;
				IPHONEOS_DEPLOYMENT_TARGET = 15.5;
				MTL_ENABLE_DEBUG_INFO = INCLUDE_SOURCE;
				MTL_FAST_MATH = YES;
				ONLY_ACTIVE_ARCH = YES;
				SDKROOT = iphoneos;
				SWIFT_ACTIVE_COMPILATION_CONDITIONS = DEBUG;
				SWIFT_OPTIMIZATION_LEVEL = "-Onone";
			};
			name = Debug;
		};
		2AC119D128CEF6D200DDE7AC /* Release */ = {
			isa = XCBuildConfiguration;
			buildSettings = {
				ALWAYS_SEARCH_USER_PATHS = NO;
				CLANG_ANALYZER_NONNULL = YES;
				CLANG_ANALYZER_NUMBER_OBJECT_CONVERSION = YES_AGGRESSIVE;
				CLANG_CXX_LANGUAGE_STANDARD = "gnu++17";
				CLANG_ENABLE_MODULES = YES;
				CLANG_ENABLE_OBJC_ARC = YES;
				CLANG_ENABLE_OBJC_WEAK = YES;
				CLANG_WARN_BLOCK_CAPTURE_AUTORELEASING = YES;
				CLANG_WARN_BOOL_CONVERSION = YES;
				CLANG_WARN_COMMA = YES;
				CLANG_WARN_CONSTANT_CONVERSION = YES;
				CLANG_WARN_DEPRECATED_OBJC_IMPLEMENTATIONS = YES;
				CLANG_WARN_DIRECT_OBJC_ISA_USAGE = YES_ERROR;
				CLANG_WARN_DOCUMENTATION_COMMENTS = YES;
				CLANG_WARN_EMPTY_BODY = YES;
				CLANG_WARN_ENUM_CONVERSION = YES;
				CLANG_WARN_INFINITE_RECURSION = YES;
				CLANG_WARN_INT_CONVERSION = YES;
				CLANG_WARN_NON_LITERAL_NULL_CONVERSION = YES;
				CLANG_WARN_OBJC_IMPLICIT_RETAIN_SELF = YES;
				CLANG_WARN_OBJC_LITERAL_CONVERSION = YES;
				CLANG_WARN_OBJC_ROOT_CLASS = YES_ERROR;
				CLANG_WARN_QUOTED_INCLUDE_IN_FRAMEWORK_HEADER = YES;
				CLANG_WARN_RANGE_LOOP_ANALYSIS = YES;
				CLANG_WARN_STRICT_PROTOTYPES = YES;
				CLANG_WARN_SUSPICIOUS_MOVE = YES;
				CLANG_WARN_UNGUARDED_AVAILABILITY = YES_AGGRESSIVE;
				CLANG_WARN_UNREACHABLE_CODE = YES;
				CLANG_WARN__DUPLICATE_METHOD_MATCH = YES;
				COPY_PHASE_STRIP = NO;
				DEBUG_INFORMATION_FORMAT = "dwarf-with-dsym";
				ENABLE_NS_ASSERTIONS = NO;
				ENABLE_STRICT_OBJC_MSGSEND = YES;
				GCC_C_LANGUAGE_STANDARD = gnu11;
				GCC_NO_COMMON_BLOCKS = YES;
				GCC_WARN_64_TO_32_BIT_CONVERSION = YES;
				GCC_WARN_ABOUT_RETURN_TYPE = YES_ERROR;
				GCC_WARN_UNDECLARED_SELECTOR = YES;
				GCC_WARN_UNINITIALIZED_AUTOS = YES_AGGRESSIVE;
				GCC_WARN_UNUSED_FUNCTION = YES;
				GCC_WARN_UNUSED_VARIABLE = YES;
				IPHONEOS_DEPLOYMENT_TARGET = 15.5;
				MTL_ENABLE_DEBUG_INFO = NO;
				MTL_FAST_MATH = YES;
				SDKROOT = iphoneos;
				SWIFT_COMPILATION_MODE = wholemodule;
				SWIFT_OPTIMIZATION_LEVEL = "-O";
				VALIDATE_PRODUCT = YES;
			};
			name = Release;
		};
		2AC119D328CEF6D200DDE7AC /* Debug */ = {
			isa = XCBuildConfiguration;
			buildSettings = {
				ASSETCATALOG_COMPILER_APPICON_NAME = AppIcon;
				ASSETCATALOG_COMPILER_GLOBAL_ACCENT_COLOR_NAME = AccentColor;
				ASSETCATALOG_COMPILER_INCLUDE_ALL_APPICON_ASSETS = YES;
				CODE_SIGN_STYLE = Automatic;
				CURRENT_PROJECT_VERSION = 1;
				DEVELOPMENT_ASSET_PATHS = "\"LearningSwift/Preview Content\"";
				DEVELOPMENT_TEAM = GVBXG42723;
				ENABLE_PREVIEWS = YES;
				GENERATE_INFOPLIST_FILE = YES;
				INFOPLIST_KEY_UIApplicationSceneManifest_Generation = YES;
				INFOPLIST_KEY_UIApplicationSupportsIndirectInputEvents = YES;
				INFOPLIST_KEY_UILaunchScreen_Generation = YES;
				INFOPLIST_KEY_UILaunchStoryboardName = LaunchScreen.storyboard;
				INFOPLIST_KEY_UISupportedInterfaceOrientations_iPad = "UIInterfaceOrientationPortrait UIInterfaceOrientationPortraitUpsideDown UIInterfaceOrientationLandscapeLeft UIInterfaceOrientationLandscapeRight";
				INFOPLIST_KEY_UISupportedInterfaceOrientations_iPhone = "UIInterfaceOrientationPortrait UIInterfaceOrientationLandscapeLeft UIInterfaceOrientationLandscapeRight";
				IPHONEOS_DEPLOYMENT_TARGET = 16.0;
				LD_RUNPATH_SEARCH_PATHS = (
					"$(inherited)",
					"@executable_path/Frameworks",
				);
				MARKETING_VERSION = 1.0;
				PRODUCT_BUNDLE_IDENTIFIER = co.ra9r.LearningSwift;
				PRODUCT_NAME = "$(TARGET_NAME)";
				SWIFT_EMIT_LOC_STRINGS = YES;
				SWIFT_VERSION = 5.0;
				TARGETED_DEVICE_FAMILY = "1,2";
			};
			name = Debug;
		};
		2AC119D428CEF6D200DDE7AC /* Release */ = {
			isa = XCBuildConfiguration;
			buildSettings = {
				ASSETCATALOG_COMPILER_APPICON_NAME = AppIcon;
				ASSETCATALOG_COMPILER_GLOBAL_ACCENT_COLOR_NAME = AccentColor;
				ASSETCATALOG_COMPILER_INCLUDE_ALL_APPICON_ASSETS = YES;
				CODE_SIGN_STYLE = Automatic;
				CURRENT_PROJECT_VERSION = 1;
				DEVELOPMENT_ASSET_PATHS = "\"LearningSwift/Preview Content\"";
				DEVELOPMENT_TEAM = GVBXG42723;
				ENABLE_PREVIEWS = YES;
				GENERATE_INFOPLIST_FILE = YES;
				INFOPLIST_KEY_UIApplicationSceneManifest_Generation = YES;
				INFOPLIST_KEY_UIApplicationSupportsIndirectInputEvents = YES;
				INFOPLIST_KEY_UILaunchScreen_Generation = YES;
				INFOPLIST_KEY_UILaunchStoryboardName = LaunchScreen.storyboard;
				INFOPLIST_KEY_UISupportedInterfaceOrientations_iPad = "UIInterfaceOrientationPortrait UIInterfaceOrientationPortraitUpsideDown UIInterfaceOrientationLandscapeLeft UIInterfaceOrientationLandscapeRight";
				INFOPLIST_KEY_UISupportedInterfaceOrientations_iPhone = "UIInterfaceOrientationPortrait UIInterfaceOrientationLandscapeLeft UIInterfaceOrientationLandscapeRight";
				IPHONEOS_DEPLOYMENT_TARGET = 16.0;
				LD_RUNPATH_SEARCH_PATHS = (
					"$(inherited)",
					"@executable_path/Frameworks",
				);
				MARKETING_VERSION = 1.0;
				PRODUCT_BUNDLE_IDENTIFIER = co.ra9r.LearningSwift;
				PRODUCT_NAME = "$(TARGET_NAME)";
				SWIFT_EMIT_LOC_STRINGS = YES;
				SWIFT_VERSION = 5.0;
				TARGETED_DEVICE_FAMILY = "1,2";
			};
			name = Release;
		};
/* End XCBuildConfiguration section */

/* Begin XCConfigurationList section */
		2AC119BF28CEF6D100DDE7AC /* Build configuration list for PBXProject "LearningSwift" */ = {
			isa = XCConfigurationList;
			buildConfigurations = (
				2AC119D028CEF6D200DDE7AC /* Debug */,
				2AC119D128CEF6D200DDE7AC /* Release */,
			);
			defaultConfigurationIsVisible = 0;
			defaultConfigurationName = Release;
		};
		2AC119D228CEF6D200DDE7AC /* Build configuration list for PBXNativeTarget "LearningSwift" */ = {
			isa = XCConfigurationList;
			buildConfigurations = (
				2AC119D328CEF6D200DDE7AC /* Debug */,
				2AC119D428CEF6D200DDE7AC /* Release */,
			);
			defaultConfigurationIsVisible = 0;
			defaultConfigurationName = Release;
		};
/* End XCConfigurationList section */
	};
	rootObject = 2AC119BC28CEF6D100DDE7AC /* Project object */;
}
